
Microsoft Visual Studio Solution File, Format Version 12.00
# Visual Studio Version 16
VisualStudioVersion = 16.0.29911.84
MinimumVisualStudioVersion = 10.0.40219.1
Project("{FAE04EC0-301F-11D3-BF4B-00C04F79EFBC}") = "API2", "API2.csproj", "{1B82911F-0EC4-4B4B-A67F-395B2C7342B2}"
EndProject
Project("{9A19103F-16F7-4668-BE54-9A1E7A4F7556}") = "Logic", "..\Logic\Logic.csproj", "{359D637E-BE04-4F88-805F-48ED22E9E517}"
EndProject
Global
	GlobalSection(SolutionConfigurationPlatforms) = preSolution
		Debug|Any CPU = Debug|Any CPU
		Release|Any CPU = Release|Any CPU
	EndGlobalSection
	GlobalSection(ProjectConfigurationPlatforms) = postSolution
		{1B82911F-0EC4-4B4B-A67F-395B2C7342B2}.Debug|Any CPU.ActiveCfg = Debug|Any CPU
		{1B82911F-0EC4-4B4B-A67F-395B2C7342B2}.Debug|Any CPU.Build.0 = Debug|Any CPU
		{1B82911F-0EC4-4B4B-A67F-395B2C7342B2}.Release|Any CPU.ActiveCfg = Release|Any CPU
		{1B82911F-0EC4-4B4B-A67F-395B2C7342B2}.Release|Any CPU.Build.0 = Release|Any CPU
		{359D637E-BE04-4F88-805F-48ED22E9E517}.Debug|Any CPU.ActiveCfg = Debug|Any CPU
		{359D637E-BE04-4F88-805F-48ED22E9E517}.Debug|Any CPU.Build.0 = Debug|Any CPU
		{359D637E-BE04-4F88-805F-48ED22E9E517}.Release|Any CPU.ActiveCfg = Release|Any CPU
		{359D637E-BE04-4F88-805F-48ED22E9E517}.Release|Any CPU.Build.0 = Release|Any CPU
	EndGlobalSection
	GlobalSection(SolutionProperties) = preSolution
		HideSolutionNode = FALSE
	EndGlobalSection
	GlobalSection(ExtensibilityGlobals) = postSolution
		SolutionGuid = {AEBDE0E4-07C5-4E86-A5AB-6E14AA2BADC8}
	EndGlobalSection
EndGlobal
